
Microsoft Visual Studio Solution File, Format Version 12.00
# Visual Studio 14
VisualStudioVersion = 14.0.25420.1
MinimumVisualStudioVersion = 10.0.40219.1
Project("{8BC9CEB8-8B4A-11D0-8D11-00A0C91BC942}") = "3_1", "3_1\3_1.vcxproj", "{845B131E-36C0-42F4-862E-61CBB3602A81}"
EndProject
Project("{8BC9CEB8-8B4A-11D0-8D11-00A0C91BC942}") = "3_2", "3_2\3_2.vcxproj", "{F87130B4-EF5D-4887-8F31-0AB94043ADF7}"
EndProject
Project("{8BC9CEB8-8B4A-11D0-8D11-00A0C91BC942}") = "3_6", "3_6\3_6.vcxproj", "{07BD215F-D0D0-44AB-AC98-3A0533C881F7}"
EndProject
Project("{8BC9CEB8-8B4A-11D0-8D11-00A0C91BC942}") = "3_7", "3_7\3_7.vcxproj", "{C2DF415D-43AF-45DC-BE7A-8BC5A588037E}"
EndProject
Project("{8BC9CEB8-8B4A-11D0-8D11-00A0C91BC942}") = "3_9", "3_9\3_9.vcxproj", "{A787D160-BF46-4019-947E-0D559CFF387F}"
EndProject
Project("{8BC9CEB8-8B4A-11D0-8D11-00A0C91BC942}") = "3_10", "C_10\C_10.vcxproj", "{9E0D5EB0-996D-44B5-9404-0F5185218515}"
EndProject
Project("{8BC9CEB8-8B4A-11D0-8D11-00A0C91BC942}") = "3_11", "3_11\3_11.vcxproj", "{468BD1BE-180D-4F64-B12F-1CDC36AB620C}"
EndProject
Global
	GlobalSection(SolutionConfigurationPlatforms) = preSolution
		Debug|x64 = Debug|x64
		Debug|x86 = Debug|x86
		Release|x64 = Release|x64
		Release|x86 = Release|x86
	EndGlobalSection
	GlobalSection(ProjectConfigurationPlatforms) = postSolution
		{845B131E-36C0-42F4-862E-61CBB3602A81}.Debug|x64.ActiveCfg = Debug|x64
		{845B131E-36C0-42F4-862E-61CBB3602A81}.Debug|x64.Build.0 = Debug|x64
		{845B131E-36C0-42F4-862E-61CBB3602A81}.Debug|x86.ActiveCfg = Debug|Win32
		{845B131E-36C0-42F4-862E-61CBB3602A81}.Debug|x86.Build.0 = Debug|Win32
		{845B131E-36C0-42F4-862E-61CBB3602A81}.Release|x64.ActiveCfg = Release|x64
		{845B131E-36C0-42F4-862E-61CBB3602A81}.Release|x64.Build.0 = Release|x64
		{845B131E-36C0-42F4-862E-61CBB3602A81}.Release|x86.ActiveCfg = Release|Win32
		{845B131E-36C0-42F4-862E-61CBB3602A81}.Release|x86.Build.0 = Release|Win32
		{F87130B4-EF5D-4887-8F31-0AB94043ADF7}.Debug|x64.ActiveCfg = Debug|x64
		{F87130B4-EF5D-4887-8F31-0AB94043ADF7}.Debug|x64.Build.0 = Debug|x64
		{F87130B4-EF5D-4887-8F31-0AB94043ADF7}.Debug|x86.ActiveCfg = Debug|Win32
		{F87130B4-EF5D-4887-8F31-0AB94043ADF7}.Debug|x86.Build.0 = Debug|Win32
		{F87130B4-EF5D-4887-8F31-0AB94043ADF7}.Release|x64.ActiveCfg = Release|x64
		{F87130B4-EF5D-4887-8F31-0AB94043ADF7}.Release|x64.Build.0 = Release|x64
		{F87130B4-EF5D-4887-8F31-0AB94043ADF7}.Release|x86.ActiveCfg = Release|Win32
		{F87130B4-EF5D-4887-8F31-0AB94043ADF7}.Release|x86.Build.0 = Release|Win32
		{07BD215F-D0D0-44AB-AC98-3A0533C881F7}.Debug|x64.ActiveCfg = Debug|x64
		{07BD215F-D0D0-44AB-AC98-3A0533C881F7}.Debug|x64.Build.0 = Debug|x64
		{07BD215F-D0D0-44AB-AC98-3A0533C881F7}.Debug|x86.ActiveCfg = Debug|Win32
		{07BD215F-D0D0-44AB-AC98-3A0533C881F7}.Debug|x86.Build.0 = Debug|Win32
		{07BD215F-D0D0-44AB-AC98-3A0533C881F7}.Release|x64.ActiveCfg = Release|x64
		{07BD215F-D0D0-44AB-AC98-3A0533C881F7}.Release|x64.Build.0 = Release|x64
		{07BD215F-D0D0-44AB-AC98-3A0533C881F7}.Release|x86.ActiveCfg = Release|Win32
		{07BD215F-D0D0-44AB-AC98-3A0533C881F7}.Release|x86.Build.0 = Release|Win32
		{C2DF415D-43AF-45DC-BE7A-8BC5A588037E}.Debug|x64.ActiveCfg = Debug|x64
		{C2DF415D-43AF-45DC-BE7A-8BC5A588037E}.Debug|x64.Build.0 = Debug|x64
		{C2DF415D-43AF-45DC-BE7A-8BC5A588037E}.Debug|x86.ActiveCfg = Debug|Win32
		{C2DF415D-43AF-45DC-BE7A-8BC5A588037E}.Debug|x86.Build.0 = Debug|Win32
		{C2DF415D-43AF-45DC-BE7A-8BC5A588037E}.Release|x64.ActiveCfg = Release|x64
		{C2DF415D-43AF-45DC-BE7A-8BC5A588037E}.Release|x64.Build.0 = Release|x64
		{C2DF415D-43AF-45DC-BE7A-8BC5A588037E}.Release|x86.ActiveCfg = Release|Win32
		{C2DF415D-43AF-45DC-BE7A-8BC5A588037E}.Release|x86.Build.0 = Release|Win32
		{A787D160-BF46-4019-947E-0D559CFF387F}.Debug|x64.ActiveCfg = Debug|x64
		{A787D160-BF46-4019-947E-0D559CFF387F}.Debug|x64.Build.0 = Debug|x64
		{A787D160-BF46-4019-947E-0D559CFF387F}.Debug|x86.ActiveCfg = Debug|Win32
		{A787D160-BF46-4019-947E-0D559CFF387F}.Debug|x86.Build.0 = Debug|Win32
		{A787D160-BF46-4019-947E-0D559CFF387F}.Release|x64.ActiveCfg = Release|x64
		{A787D160-BF46-4019-947E-0D559CFF387F}.Release|x64.Build.0 = Release|x64
		{A787D160-BF46-4019-947E-0D559CFF387F}.Release|x86.ActiveCfg = Release|Win32
		{A787D160-BF46-4019-947E-0D559CFF387F}.Release|x86.Build.0 = Release|Win32
		{9E0D5EB0-996D-44B5-9404-0F5185218515}.Debug|x64.ActiveCfg = Debug|x64
		{9E0D5EB0-996D-44B5-9404-0F5185218515}.Debug|x64.Build.0 = Debug|x64
		{9E0D5EB0-996D-44B5-9404-0F5185218515}.Debug|x86.ActiveCfg = Debug|Win32
		{9E0D5EB0-996D-44B5-9404-0F5185218515}.Debug|x86.Build.0 = Debug|Win32
		{9E0D5EB0-996D-44B5-9404-0F5185218515}.Release|x64.ActiveCfg = Release|x64
		{9E0D5EB0-996D-44B5-9404-0F5185218515}.Release|x64.Build.0 = Release|x64
		{9E0D5EB0-996D-44B5-9404-0F5185218515}.Release|x86.ActiveCfg = Release|Win32
		{9E0D5EB0-996D-44B5-9404-0F5185218515}.Release|x86.Build.0 = Release|Win32
		{468BD1BE-180D-4F64-B12F-1CDC36AB620C}.Debug|x64.ActiveCfg = Debug|x64
		{468BD1BE-180D-4F64-B12F-1CDC36AB620C}.Debug|x64.Build.0 = Debug|x64
		{468BD1BE-180D-4F64-B12F-1CDC36AB620C}.Debug|x86.ActiveCfg = Debug|Win32
		{468BD1BE-180D-4F64-B12F-1CDC36AB620C}.Debug|x86.Build.0 = Debug|Win32
		{468BD1BE-180D-4F64-B12F-1CDC36AB620C}.Release|x64.ActiveCfg = Release|x64
		{468BD1BE-180D-4F64-B12F-1CDC36AB620C}.Release|x64.Build.0 = Release|x64
		{468BD1BE-180D-4F64-B12F-1CDC36AB620C}.Release|x86.ActiveCfg = Release|Win32
		{468BD1BE-180D-4F64-B12F-1CDC36AB620C}.Release|x86.Build.0 = Release|Win32
	EndGlobalSection
	GlobalSection(SolutionProperties) = preSolution
		HideSolutionNode = FALSE
	EndGlobalSection
EndGlobal
